
Microsoft Visual Studio Solution File, Format Version 12.00
# Visual Studio 14
VisualStudioVersion = 14.0.25420.1
MinimumVisualStudioVersion = 10.0.40219.1
Project("{2150E333-8FDC-42A3-9474-1A3956D46DE8}") = "Solution Items", "Solution Items", "{95518F63-E729-4F23-A748-7C09139B6F12}"
	ProjectSection(SolutionItems) = preProject
		Instructors.txt = Instructors.txt
	EndProjectSection
EndProject
Project("{2150E333-8FDC-42A3-9474-1A3956D46DE8}") = "DAL", "DAL", "{838BC488-747F-4531-BF05-95AED7EDD0CD}"
EndProject
Project("{FAE04EC0-301F-11D3-BF4B-00C04F79EFBC}") = "SportStoreDomainLibrary", "SportStoreDomainLibrary\SportStoreDomainLibrary.csproj", "{50510597-3B38-4171-8BE3-DD078BD989A7}"
EndProject
Project("{2150E333-8FDC-42A3-9474-1A3956D46DE8}") = "MVVM", "MVVM", "{7CC8800B-A7BF-4FC0-B780-ACF4A9301B1B}"
EndProject
Project("{FAE04EC0-301F-11D3-BF4B-00C04F79EFBC}") = "BasicSportStoreWpfApp", "BasicSportStoreWpfApp\BasicSportStoreWpfApp.csproj", "{F959B16B-B93B-498E-A3E5-C6754888AE93}"
EndProject
Project("{FAE04EC0-301F-11D3-BF4B-00C04F79EFBC}") = "SportsStoreValidationDIWpfApp", "SportsStoreValidationDIWpfApp\SportsStoreValidationDIWpfApp.csproj", "{C888E4CA-FCE0-45B9-8483-8323A478477F}"
EndProject
Global
	GlobalSection(SolutionConfigurationPlatforms) = preSolution
		Debug|Any CPU = Debug|Any CPU
		Release|Any CPU = Release|Any CPU
	EndGlobalSection
	GlobalSection(ProjectConfigurationPlatforms) = postSolution
		{50510597-3B38-4171-8BE3-DD078BD989A7}.Debug|Any CPU.ActiveCfg = Debug|Any CPU
		{50510597-3B38-4171-8BE3-DD078BD989A7}.Debug|Any CPU.Build.0 = Debug|Any CPU
		{50510597-3B38-4171-8BE3-DD078BD989A7}.Release|Any CPU.ActiveCfg = Release|Any CPU
		{50510597-3B38-4171-8BE3-DD078BD989A7}.Release|Any CPU.Build.0 = Release|Any CPU
		{F959B16B-B93B-498E-A3E5-C6754888AE93}.Debug|Any CPU.ActiveCfg = Debug|Any CPU
		{F959B16B-B93B-498E-A3E5-C6754888AE93}.Debug|Any CPU.Build.0 = Debug|Any CPU
		{F959B16B-B93B-498E-A3E5-C6754888AE93}.Release|Any CPU.ActiveCfg = Release|Any CPU
		{F959B16B-B93B-498E-A3E5-C6754888AE93}.Release|Any CPU.Build.0 = Release|Any CPU
		{C888E4CA-FCE0-45B9-8483-8323A478477F}.Debug|Any CPU.ActiveCfg = Debug|Any CPU
		{C888E4CA-FCE0-45B9-8483-8323A478477F}.Debug|Any CPU.Build.0 = Debug|Any CPU
		{C888E4CA-FCE0-45B9-8483-8323A478477F}.Release|Any CPU.ActiveCfg = Release|Any CPU
		{C888E4CA-FCE0-45B9-8483-8323A478477F}.Release|Any CPU.Build.0 = Release|Any CPU
	EndGlobalSection
	GlobalSection(SolutionProperties) = preSolution
		HideSolutionNode = FALSE
	EndGlobalSection
	GlobalSection(NestedProjects) = preSolution
		{50510597-3B38-4171-8BE3-DD078BD989A7} = {838BC488-747F-4531-BF05-95AED7EDD0CD}
		{F959B16B-B93B-498E-A3E5-C6754888AE93} = {7CC8800B-A7BF-4FC0-B780-ACF4A9301B1B}
		{C888E4CA-FCE0-45B9-8483-8323A478477F} = {7CC8800B-A7BF-4FC0-B780-ACF4A9301B1B}
	EndGlobalSection
EndGlobal
